
Microsoft Visual Studio Solution File, Format Version 12.00
# Visual Studio 14
VisualStudioVersion = 14.0.25420.1
MinimumVisualStudioVersion = 10.0.40219.1
Project("{FAE04EC0-301F-11D3-BF4B-00C04F79EFBC}") = "proxyipcenter-dotnet", "proxyipcenter-dotnet\proxyipcenter-dotnet.csproj", "{C8BFA19B-23D7-4037-8444-3F439DEC76C5}"
EndProject
Project("{FAE04EC0-301F-11D3-BF4B-00C04F79EFBC}") = "UnitTestForProxy", "UnitTestForProxy\UnitTestForProxy.csproj", "{A225115E-396A-4607-9E02-49B2CDF4A158}"
EndProject
Global
	GlobalSection(SolutionConfigurationPlatforms) = preSolution
		Debug|Any CPU = Debug|Any CPU
		Release|Any CPU = Release|Any CPU
	EndGlobalSection
	GlobalSection(ProjectConfigurationPlatforms) = postSolution
		{C8BFA19B-23D7-4037-8444-3F439DEC76C5}.Debug|Any CPU.ActiveCfg = Debug|Any CPU
		{C8BFA19B-23D7-4037-8444-3F439DEC76C5}.Debug|Any CPU.Build.0 = Debug|Any CPU
		{C8BFA19B-23D7-4037-8444-3F439DEC76C5}.Release|Any CPU.ActiveCfg = Release|Any CPU
		{C8BFA19B-23D7-4037-8444-3F439DEC76C5}.Release|Any CPU.Build.0 = Release|Any CPU
		{A225115E-396A-4607-9E02-49B2CDF4A158}.Debug|Any CPU.ActiveCfg = Debug|Any CPU
		{A225115E-396A-4607-9E02-49B2CDF4A158}.Debug|Any CPU.Build.0 = Debug|Any CPU
		{A225115E-396A-4607-9E02-49B2CDF4A158}.Release|Any CPU.ActiveCfg = Release|Any CPU
		{A225115E-396A-4607-9E02-49B2CDF4A158}.Release|Any CPU.Build.0 = Release|Any CPU
	EndGlobalSection
	GlobalSection(SolutionProperties) = preSolution
		HideSolutionNode = FALSE
	EndGlobalSection
EndGlobal
